
Microsoft Visual Studio Solution File, Format Version 12.00
# Visual Studio Version 16
VisualStudioVersion = 16.0.31229.75
MinimumVisualStudioVersion = 10.0.40219.1
Project("{9A19103F-16F7-4668-BE54-9A1E7A4F7556}") = "SIGNAL-R-CHAT.Domain", "SIGNAL-R-CHAT.Domain\SIGNAL-R-CHAT.Domain.csproj", "{C1FB6855-7A6A-4913-B754-CAEEA0080DE5}"
EndProject
Project("{9A19103F-16F7-4668-BE54-9A1E7A4F7556}") = "SIGNAL-R-CHAT.Infrastructure", "SIGNAL-R-CHAT.Infrastructure\SIGNAL-R-CHAT.Infrastructure.csproj", "{9A601148-745E-4C88-B292-F48F2FEBAE41}"
EndProject
Project("{9A19103F-16F7-4668-BE54-9A1E7A4F7556}") = "SIGNAL-R-CHAT.API", "SIGNAL-R-CHAT.API\SIGNAL-R-CHAT.API.csproj", "{7FE77F60-BBCE-4494-BD3C-37246993D1C8}"
EndProject
Project("{FAE04EC0-301F-11D3-BF4B-00C04F79EFBC}") = "SIGNAL-R-CHAT.Application", "SIGNAL-R-CHAT.Application\SIGNAL-R-CHAT.Application.csproj", "{2B8B6747-4EE7-4958-8D44-E83691DCD4B1}"
EndProject
Global
	GlobalSection(SolutionConfigurationPlatforms) = preSolution
		Debug|Any CPU = Debug|Any CPU
		Release|Any CPU = Release|Any CPU
	EndGlobalSection
	GlobalSection(ProjectConfigurationPlatforms) = postSolution
		{C1FB6855-7A6A-4913-B754-CAEEA0080DE5}.Debug|Any CPU.ActiveCfg = Debug|Any CPU
		{C1FB6855-7A6A-4913-B754-CAEEA0080DE5}.Debug|Any CPU.Build.0 = Debug|Any CPU
		{C1FB6855-7A6A-4913-B754-CAEEA0080DE5}.Release|Any CPU.ActiveCfg = Release|Any CPU
		{C1FB6855-7A6A-4913-B754-CAEEA0080DE5}.Release|Any CPU.Build.0 = Release|Any CPU
		{9A601148-745E-4C88-B292-F48F2FEBAE41}.Debug|Any CPU.ActiveCfg = Debug|Any CPU
		{9A601148-745E-4C88-B292-F48F2FEBAE41}.Debug|Any CPU.Build.0 = Debug|Any CPU
		{9A601148-745E-4C88-B292-F48F2FEBAE41}.Release|Any CPU.ActiveCfg = Release|Any CPU
		{9A601148-745E-4C88-B292-F48F2FEBAE41}.Release|Any CPU.Build.0 = Release|Any CPU
		{7FE77F60-BBCE-4494-BD3C-37246993D1C8}.Debug|Any CPU.ActiveCfg = Debug|Any CPU
		{7FE77F60-BBCE-4494-BD3C-37246993D1C8}.Debug|Any CPU.Build.0 = Debug|Any CPU
		{7FE77F60-BBCE-4494-BD3C-37246993D1C8}.Release|Any CPU.ActiveCfg = Release|Any CPU
		{7FE77F60-BBCE-4494-BD3C-37246993D1C8}.Release|Any CPU.Build.0 = Release|Any CPU
		{2B8B6747-4EE7-4958-8D44-E83691DCD4B1}.Debug|Any CPU.ActiveCfg = Debug|Any CPU
		{2B8B6747-4EE7-4958-8D44-E83691DCD4B1}.Debug|Any CPU.Build.0 = Debug|Any CPU
		{2B8B6747-4EE7-4958-8D44-E83691DCD4B1}.Release|Any CPU.ActiveCfg = Release|Any CPU
		{2B8B6747-4EE7-4958-8D44-E83691DCD4B1}.Release|Any CPU.Build.0 = Release|Any CPU
	EndGlobalSection
	GlobalSection(SolutionProperties) = preSolution
		HideSolutionNode = FALSE
	EndGlobalSection
	GlobalSection(ExtensibilityGlobals) = postSolution
		SolutionGuid = {C381258C-02B4-4FF1-83EB-47B88943EDD3}
	EndGlobalSection
EndGlobal
